
Microsoft Visual Studio Solution File, Format Version 12.00
# Visual Studio Version 16
VisualStudioVersion = 16.0.30128.74
MinimumVisualStudioVersion = 10.0.40219.1
Project("{9A19103F-16F7-4668-BE54-9A1E7A4F7556}") = "MaterialDesignControls", "MaterialDesignControls\MaterialDesignControls.csproj", "{C0615CC3-C56B-4A84-AAA8-350C3277A6E0}"
EndProject
Project("{FAE04EC0-301F-11D3-BF4B-00C04F79EFBC}") = "MaterialDesignControls.Android", "MaterialDesignControls.Android\MaterialDesignControls.Android.csproj", "{216CB1F4-A57E-459C-B8C5-197E3FF605ED}"
EndProject
Project("{FAE04EC0-301F-11D3-BF4B-00C04F79EFBC}") = "MaterialDesignControls.iOS", "MaterialDesignControls.iOS\MaterialDesignControls.iOS.csproj", "{668D7959-00EC-41F4-9489-938ABE00318A}"
EndProject
Global
	GlobalSection(SolutionConfigurationPlatforms) = preSolution
		Debug|Any CPU = Debug|Any CPU
		Release|Any CPU = Release|Any CPU
	EndGlobalSection
	GlobalSection(ProjectConfigurationPlatforms) = postSolution
		{C0615CC3-C56B-4A84-AAA8-350C3277A6E0}.Debug|Any CPU.ActiveCfg = Debug|Any CPU
		{C0615CC3-C56B-4A84-AAA8-350C3277A6E0}.Debug|Any CPU.Build.0 = Debug|Any CPU
		{C0615CC3-C56B-4A84-AAA8-350C3277A6E0}.Release|Any CPU.ActiveCfg = Release|Any CPU
		{C0615CC3-C56B-4A84-AAA8-350C3277A6E0}.Release|Any CPU.Build.0 = Release|Any CPU
		{216CB1F4-A57E-459C-B8C5-197E3FF605ED}.Debug|Any CPU.ActiveCfg = Debug|Any CPU
		{216CB1F4-A57E-459C-B8C5-197E3FF605ED}.Debug|Any CPU.Build.0 = Debug|Any CPU
		{216CB1F4-A57E-459C-B8C5-197E3FF605ED}.Release|Any CPU.ActiveCfg = Release|Any CPU
		{216CB1F4-A57E-459C-B8C5-197E3FF605ED}.Release|Any CPU.Build.0 = Release|Any CPU
		{668D7959-00EC-41F4-9489-938ABE00318A}.Debug|Any CPU.ActiveCfg = Debug|Any CPU
		{668D7959-00EC-41F4-9489-938ABE00318A}.Debug|Any CPU.Build.0 = Debug|Any CPU
		{668D7959-00EC-41F4-9489-938ABE00318A}.Release|Any CPU.ActiveCfg = Release|Any CPU
		{668D7959-00EC-41F4-9489-938ABE00318A}.Release|Any CPU.Build.0 = Release|Any CPU
	EndGlobalSection
	GlobalSection(SolutionProperties) = preSolution
		HideSolutionNode = FALSE
	EndGlobalSection
	GlobalSection(ExtensibilityGlobals) = postSolution
		SolutionGuid = {21DD9679-8BD7-40C6-AAB2-ABDD6CABF2B0}
	EndGlobalSection
EndGlobal
